
Microsoft Visual Studio Solution File, Format Version 12.00
Project("{FAE04EC0-301F-11D3-BF4B-00C04F79EFBC}") = "dafny.msbuild", "dafny.msbuild\dafny.msbuild.csproj", "{AD3F66ED-C826-4C1C-B11C-0E77BCC70162}"
EndProject
Global
	GlobalSection(SolutionConfigurationPlatforms) = preSolution
		Debug|Any CPU = Debug|Any CPU
		Release|Any CPU = Release|Any CPU
	EndGlobalSection
	GlobalSection(ProjectConfigurationPlatforms) = postSolution
		{AD3F66ED-C826-4C1C-B11C-0E77BCC70162}.Debug|Any CPU.ActiveCfg = Debug|Any CPU
		{AD3F66ED-C826-4C1C-B11C-0E77BCC70162}.Debug|Any CPU.Build.0 = Debug|Any CPU
		{AD3F66ED-C826-4C1C-B11C-0E77BCC70162}.Release|Any CPU.ActiveCfg = Release|Any CPU
		{AD3F66ED-C826-4C1C-B11C-0E77BCC70162}.Release|Any CPU.Build.0 = Release|Any CPU
	EndGlobalSection
EndGlobal
